// !$*UTF8*$!
{
	archiveVersion = 1;
	classes = {
	};
	objectVersion = 50;
	objects = {

/* Begin PBXBuildFile section */
		E14137CB26D5023B00300CAA /* Recipe.swift in Sources */ = {isa = PBXBuildFile; fileRef = E14137CA26D5023B00300CAA /* Recipe.swift */; };
		E14137CD26D502A800300CAA /* CoctailsPreviewData.swift in Sources */ = {isa = PBXBuildFile; fileRef = E14137CC26D502A800300CAA /* CoctailsPreviewData.swift */; };
		E14137CF26D50B8500300CAA /* Recipe + Fixture.swift in Sources */ = {isa = PBXBuildFile; fileRef = E14137CE26D50B8500300CAA /* Recipe + Fixture.swift */; };
		E14137D126D510DE00300CAA /* RecipeViewModel.swift in Sources */ = {isa = PBXBuildFile; fileRef = E14137D026D510DE00300CAA /* RecipeViewModel.swift */; };
		E14137D326D515E100300CAA /* RecipeViewModelTests.swift in Sources */ = {isa = PBXBuildFile; fileRef = E14137D226D515E100300CAA /* RecipeViewModelTests.swift */; };
		E141385626D683F600300CAA /* RecipeView.swift in Sources */ = {isa = PBXBuildFile; fileRef = E141385526D683F600300CAA /* RecipeView.swift */; };
		E164321826C44E9500535B47 /* TheCocktailApp.swift in Sources */ = {isa = PBXBuildFile; fileRef = E164321726C44E9500535B47 /* TheCocktailApp.swift */; };
		E164321C26C44E9A00535B47 /* Assets.xcassets in Resources */ = {isa = PBXBuildFile; fileRef = E164321B26C44E9A00535B47 /* Assets.xcassets */; };
		E164321F26C44E9A00535B47 /* Preview Assets.xcassets in Resources */ = {isa = PBXBuildFile; fileRef = E164321E26C44E9A00535B47 /* Preview Assets.xcassets */; };
		E1BF8F3726D7BD4500F52F41 /* CocktailsListView.swift in Sources */ = {isa = PBXBuildFile; fileRef = E1BF8F3626D7BD4500F52F41 /* CocktailsListView.swift */; };
		E1BF8F3926D7BE8800F52F41 /* CocktailsListViewModelTests.swift in Sources */ = {isa = PBXBuildFile; fileRef = E1BF8F3826D7BE8800F52F41 /* CocktailsListViewModelTests.swift */; };
		E1BF8F3B26D7C1A400F52F41 /* CoctailsListViewModel.swift in Sources */ = {isa = PBXBuildFile; fileRef = E1BF8F3A26D7C1A400F52F41 /* CoctailsListViewModel.swift */; };
		E1BF8F3D26D7C1D400F52F41 /* Recipe+Identifable.swift in Sources */ = {isa = PBXBuildFile; fileRef = E1BF8F3C26D7C1D400F52F41 /* Recipe+Identifable.swift */; };
		E1BF8F3F26D7C9BF00F52F41 /* RecipesFetching.swift in Sources */ = {isa = PBXBuildFile; fileRef = E1BF8F3E26D7C9BF00F52F41 /* RecipesFetching.swift */; };
		E1BF8F4126D7CCCB00F52F41 /* RecipesFetchingPlaceholder.swift in Sources */ = {isa = PBXBuildFile; fileRef = E1BF8F4026D7CCCB00F52F41 /* RecipesFetchingPlaceholder.swift */; };
		E1BF8F4326D7E4FC00F52F41 /* Recipe + Equatable.swift in Sources */ = {isa = PBXBuildFile; fileRef = E1BF8F4226D7E4FC00F52F41 /* Recipe + Equatable.swift */; };
		E1BF8FAD26D9200200F52F41 /* RecipeFetchingStub.swift in Sources */ = {isa = PBXBuildFile; fileRef = E1BF8FAC26D9200200F52F41 /* RecipeFetchingStub.swift */; };
		E1BF8FAF26D92BB900F52F41 /* TestError.swift in Sources */ = {isa = PBXBuildFile; fileRef = E1BF8FAE26D92BB900F52F41 /* TestError.swift */; };
		E1BF908426DE69EE00F52F41 /* RecipeItemTests.swift in Sources */ = {isa = PBXBuildFile; fileRef = E1BF908326DE69EE00F52F41 /* RecipeItemTests.swift */; };
		E1BF908626DE74EE00F52F41 /* Recipe + Decodable.swift in Sources */ = {isa = PBXBuildFile; fileRef = E1BF908526DE74EE00F52F41 /* Recipe + Decodable.swift */; };
		E1BF908E26DE79D300F52F41 /* RecipeResponse.swift in Sources */ = {isa = PBXBuildFile; fileRef = E1BF908D26DE79D300F52F41 /* RecipeResponse.swift */; };
		E1BF909026DE7A0C00F52F41 /* RecipeResponseTests.swift in Sources */ = {isa = PBXBuildFile; fileRef = E1BF908F26DE7A0C00F52F41 /* RecipeResponseTests.swift */; };
		E1BF90CA26E0D22400F52F41 /* fullResponse.json in Resources */ = {isa = PBXBuildFile; fileRef = E1BF90C926E0D22400F52F41 /* fullResponse.json */; };
		E1BF90CC26E0D75200F52F41 /* recipeItem.json in Resources */ = {isa = PBXBuildFile; fileRef = E1BF90CB26E0D75200F52F41 /* recipeItem.json */; };
		E1BF90CE26E0DCF500F52F41 /* RecipesFetcherTests.swift in Sources */ = {isa = PBXBuildFile; fileRef = E1BF90CD26E0DCF500F52F41 /* RecipesFetcherTests.swift */; };
		E1BF90D026E0DED400F52F41 /* RecipesFetcher.swift in Sources */ = {isa = PBXBuildFile; fileRef = E1BF90CF26E0DED400F52F41 /* RecipesFetcher.swift */; };
/* End PBXBuildFile section */

/* Begin PBXContainerItemProxy section */
		E164322F26C44F2500535B47 /* PBXContainerItemProxy */ = {
			isa = PBXContainerItemProxy;
			containerPortal = E164320C26C44E9500535B47 /* Project object */;
			proxyType = 1;
			remoteGlobalIDString = E164321326C44E9500535B47;
			remoteInfo = TheCocktail;
		};
/* End PBXContainerItemProxy section */

/* Begin PBXFileReference section */
		E14137CA26D5023B00300CAA /* Recipe.swift */ = {isa = PBXFileReference; lastKnownFileType = sourcecode.swift; path = Recipe.swift; sourceTree = "<group>"; };
		E14137CC26D502A800300CAA /* CoctailsPreviewData.swift */ = {isa = PBXFileReference; lastKnownFileType = sourcecode.swift; path = CoctailsPreviewData.swift; sourceTree = "<group>"; };
		E14137CE26D50B8500300CAA /* Recipe + Fixture.swift */ = {isa = PBXFileReference; lastKnownFileType = sourcecode.swift; path = "Recipe + Fixture.swift"; sourceTree = "<group>"; };
		E14137D026D510DE00300CAA /* RecipeViewModel.swift */ = {isa = PBXFileReference; lastKnownFileType = sourcecode.swift; path = RecipeViewModel.swift; sourceTree = "<group>"; };
		E14137D226D515E100300CAA /* RecipeViewModelTests.swift */ = {isa = PBXFileReference; lastKnownFileType = sourcecode.swift; path = RecipeViewModelTests.swift; sourceTree = "<group>"; };
		E141385526D683F600300CAA /* RecipeView.swift */ = {isa = PBXFileReference; lastKnownFileType = sourcecode.swift; path = RecipeView.swift; sourceTree = "<group>"; };
		E164321426C44E9500535B47 /* TheCocktail.app */ = {isa = PBXFileReference; explicitFileType = wrapper.application; includeInIndex = 0; path = TheCocktail.app; sourceTree = BUILT_PRODUCTS_DIR; };
		E164321726C44E9500535B47 /* TheCocktailApp.swift */ = {isa = PBXFileReference; lastKnownFileType = sourcecode.swift; path = TheCocktailApp.swift; sourceTree = "<group>"; };
		E164321B26C44E9A00535B47 /* Assets.xcassets */ = {isa = PBXFileReference; lastKnownFileType = folder.assetcatalog; path = Assets.xcassets; sourceTree = "<group>"; };
		E164321E26C44E9A00535B47 /* Preview Assets.xcassets */ = {isa = PBXFileReference; lastKnownFileType = folder.assetcatalog; path = "Preview Assets.xcassets"; sourceTree = "<group>"; };
		E164322026C44E9A00535B47 /* Info.plist */ = {isa = PBXFileReference; lastKnownFileType = text.plist.xml; path = Info.plist; sourceTree = "<group>"; };
		E164322A26C44F2400535B47 /* TheCocktailTests.xctest */ = {isa = PBXFileReference; explicitFileType = wrapper.cfbundle; includeInIndex = 0; path = TheCocktailTests.xctest; sourceTree = BUILT_PRODUCTS_DIR; };
		E164322E26C44F2500535B47 /* Info.plist */ = {isa = PBXFileReference; lastKnownFileType = text.plist.xml; path = Info.plist; sourceTree = "<group>"; };
		E1BF8F3626D7BD4500F52F41 /* CocktailsListView.swift */ = {isa = PBXFileReference; lastKnownFileType = sourcecode.swift; path = CocktailsListView.swift; sourceTree = "<group>"; };
		E1BF8F3826D7BE8800F52F41 /* CocktailsListViewModelTests.swift */ = {isa = PBXFileReference; lastKnownFileType = sourcecode.swift; path = CocktailsListViewModelTests.swift; sourceTree = "<group>"; };
		E1BF8F3A26D7C1A400F52F41 /* CoctailsListViewModel.swift */ = {isa = PBXFileReference; lastKnownFileType = sourcecode.swift; path = CoctailsListViewModel.swift; sourceTree = "<group>"; };
		E1BF8F3C26D7C1D400F52F41 /* Recipe+Identifable.swift */ = {isa = PBXFileReference; lastKnownFileType = sourcecode.swift; path = "Recipe+Identifable.swift"; sourceTree = "<group>"; };
		E1BF8F3E26D7C9BF00F52F41 /* RecipesFetching.swift */ = {isa = PBXFileReference; lastKnownFileType = sourcecode.swift; path = RecipesFetching.swift; sourceTree = "<group>"; };
		E1BF8F4026D7CCCB00F52F41 /* RecipesFetchingPlaceholder.swift */ = {isa = PBXFileReference; lastKnownFileType = sourcecode.swift; path = RecipesFetchingPlaceholder.swift; sourceTree = "<group>"; };
		E1BF8F4226D7E4FC00F52F41 /* Recipe + Equatable.swift */ = {isa = PBXFileReference; lastKnownFileType = sourcecode.swift; path = "Recipe + Equatable.swift"; sourceTree = "<group>"; };
		E1BF8FAC26D9200200F52F41 /* RecipeFetchingStub.swift */ = {isa = PBXFileReference; lastKnownFileType = sourcecode.swift; path = RecipeFetchingStub.swift; sourceTree = "<group>"; };
		E1BF8FAE26D92BB900F52F41 /* TestError.swift */ = {isa = PBXFileReference; lastKnownFileType = sourcecode.swift; path = TestError.swift; sourceTree = "<group>"; };
		E1BF908326DE69EE00F52F41 /* RecipeItemTests.swift */ = {isa = PBXFileReference; lastKnownFileType = sourcecode.swift; path = RecipeItemTests.swift; sourceTree = "<group>"; };
		E1BF908526DE74EE00F52F41 /* Recipe + Decodable.swift */ = {isa = PBXFileReference; lastKnownFileType = sourcecode.swift; path = "Recipe + Decodable.swift"; sourceTree = "<group>"; };
		E1BF908D26DE79D300F52F41 /* RecipeResponse.swift */ = {isa = PBXFileReference; lastKnownFileType = sourcecode.swift; path = RecipeResponse.swift; sourceTree = "<group>"; };
		E1BF908F26DE7A0C00F52F41 /* RecipeResponseTests.swift */ = {isa = PBXFileReference; lastKnownFileType = sourcecode.swift; path = RecipeResponseTests.swift; sourceTree = "<group>"; };
		E1BF90C926E0D22400F52F41 /* fullResponse.json */ = {isa = PBXFileReference; lastKnownFileType = text.json; path = fullResponse.json; sourceTree = "<group>"; };
		E1BF90CB26E0D75200F52F41 /* recipeItem.json */ = {isa = PBXFileReference; fileEncoding = 4; lastKnownFileType = text.json; path = recipeItem.json; sourceTree = "<group>"; };
		E1BF90CD26E0DCF500F52F41 /* RecipesFetcherTests.swift */ = {isa = PBXFileReference; lastKnownFileType = sourcecode.swift; path = RecipesFetcherTests.swift; sourceTree = "<group>"; };
		E1BF90CF26E0DED400F52F41 /* RecipesFetcher.swift */ = {isa = PBXFileReference; lastKnownFileType = sourcecode.swift; path = RecipesFetcher.swift; sourceTree = "<group>"; };
/* End PBXFileReference section */

/* Begin PBXFrameworksBuildPhase section */
		E164321126C44E9500535B47 /* Frameworks */ = {
			isa = PBXFrameworksBuildPhase;
			buildActionMask = 2147483647;
			files = (
			);
			runOnlyForDeploymentPostprocessing = 0;
		};
		E164322726C44F2400535B47 /* Frameworks */ = {
			isa = PBXFrameworksBuildPhase;
			buildActionMask = 2147483647;
			files = (
			);
			runOnlyForDeploymentPostprocessing = 0;
		};
/* End PBXFrameworksBuildPhase section */

/* Begin PBXGroup section */
		E164320B26C44E9500535B47 = {
			isa = PBXGroup;
			children = (
				E164321626C44E9500535B47 /* TheCocktail */,
				E164322B26C44F2500535B47 /* TheCocktailTests */,
				E164321526C44E9500535B47 /* Products */,
			);
			sourceTree = "<group>";
		};
		E164321526C44E9500535B47 /* Products */ = {
			isa = PBXGroup;
			children = (
				E164321426C44E9500535B47 /* TheCocktail.app */,
				E164322A26C44F2400535B47 /* TheCocktailTests.xctest */,
			);
			name = Products;
			sourceTree = "<group>";
		};
		E164321626C44E9500535B47 /* TheCocktail */ = {
			isa = PBXGroup;
			children = (
				E164321726C44E9500535B47 /* TheCocktailApp.swift */,
				E164321B26C44E9A00535B47 /* Assets.xcassets */,
				E164322026C44E9A00535B47 /* Info.plist */,
				E164321D26C44E9A00535B47 /* Preview Content */,
				E14137CA26D5023B00300CAA /* Recipe.swift */,
				E1BF908526DE74EE00F52F41 /* Recipe + Decodable.swift */,
				E1BF8F3C26D7C1D400F52F41 /* Recipe+Identifable.swift */,
				E1BF8F4226D7E4FC00F52F41 /* Recipe + Equatable.swift */,
				E141385526D683F600300CAA /* RecipeView.swift */,
				E14137D026D510DE00300CAA /* RecipeViewModel.swift */,
				E1BF8F3626D7BD4500F52F41 /* CocktailsListView.swift */,
				E1BF8F3A26D7C1A400F52F41 /* CoctailsListViewModel.swift */,
				E1BF8F3E26D7C9BF00F52F41 /* RecipesFetching.swift */,
				E1BF8F4026D7CCCB00F52F41 /* RecipesFetchingPlaceholder.swift */,
				E1BF908D26DE79D300F52F41 /* RecipeResponse.swift */,
				E1BF90CF26E0DED400F52F41 /* RecipesFetcher.swift */,
			);
			path = TheCocktail;
			sourceTree = "<group>";
		};
		E164321D26C44E9A00535B47 /* Preview Content */ = {
			isa = PBXGroup;
			children = (
				E164321E26C44E9A00535B47 /* Preview Assets.xcassets */,
				E14137CC26D502A800300CAA /* CoctailsPreviewData.swift */,
			);
			path = "Preview Content";
			sourceTree = "<group>";
		};
		E164322B26C44F2500535B47 /* TheCocktailTests */ = {
			isa = PBXGroup;
			children = (
				E164322E26C44F2500535B47 /* Info.plist */,
				E14137CE26D50B8500300CAA /* Recipe + Fixture.swift */,
				E14137D226D515E100300CAA /* RecipeViewModelTests.swift */,
				E1BF8F3826D7BE8800F52F41 /* CocktailsListViewModelTests.swift */,
				E1BF8FAC26D9200200F52F41 /* RecipeFetchingStub.swift */,
				E1BF8FAE26D92BB900F52F41 /* TestError.swift */,
				E1BF908326DE69EE00F52F41 /* RecipeItemTests.swift */,
				E1BF908F26DE7A0C00F52F41 /* RecipeResponseTests.swift */,
				E1BF90C926E0D22400F52F41 /* fullResponse.json */,
				E1BF90CB26E0D75200F52F41 /* recipeItem.json */,
				E1BF90CD26E0DCF500F52F41 /* RecipesFetcherTests.swift */,
			);
			path = TheCocktailTests;
			sourceTree = "<group>";
		};
/* End PBXGroup section */

/* Begin PBXNativeTarget section */
		E164321326C44E9500535B47 /* TheCocktail */ = {
			isa = PBXNativeTarget;
			buildConfigurationList = E164322326C44E9A00535B47 /* Build configuration list for PBXNativeTarget "TheCocktail" */;
			buildPhases = (
				E164321026C44E9500535B47 /* Sources */,
				E164321126C44E9500535B47 /* Frameworks */,
				E164321226C44E9500535B47 /* Resources */,
			);
			buildRules = (
			);
			dependencies = (
			);
			name = TheCocktail;
			productName = TheCocktail;
			productReference = E164321426C44E9500535B47 /* TheCocktail.app */;
			productType = "com.apple.product-type.application";
		};
		E164322926C44F2400535B47 /* TheCocktailTests */ = {
			isa = PBXNativeTarget;
			buildConfigurationList = E164323126C44F2500535B47 /* Build configuration list for PBXNativeTarget "TheCocktailTests" */;
			buildPhases = (
				E164322626C44F2400535B47 /* Sources */,
				E164322726C44F2400535B47 /* Frameworks */,
				E164322826C44F2400535B47 /* Resources */,
			);
			buildRules = (
			);
			dependencies = (
				E164323026C44F2500535B47 /* PBXTargetDependency */,
			);
			name = TheCocktailTests;
			productName = TheCocktailTests;
			productReference = E164322A26C44F2400535B47 /* TheCocktailTests.xctest */;
			productType = "com.apple.product-type.bundle.unit-test";
		};
/* End PBXNativeTarget section */

/* Begin PBXProject section */
		E164320C26C44E9500535B47 /* Project object */ = {
			isa = PBXProject;
			attributes = {
				LastSwiftUpdateCheck = 1250;
				LastUpgradeCheck = 1250;
				TargetAttributes = {
					E164321326C44E9500535B47 = {
						CreatedOnToolsVersion = 12.5.1;
					};
					E164322926C44F2400535B47 = {
						CreatedOnToolsVersion = 12.5.1;
						LastSwiftMigration = 1250;
						TestTargetID = E164321326C44E9500535B47;
					};
				};
			};
			buildConfigurationList = E164320F26C44E9500535B47 /* Build configuration list for PBXProject "TheCocktail" */;
			compatibilityVersion = "Xcode 9.3";
			developmentRegion = en;
			hasScannedForEncodings = 0;
			knownRegions = (
				en,
				Base,
			);
			mainGroup = E164320B26C44E9500535B47;
			productRefGroup = E164321526C44E9500535B47 /* Products */;
			projectDirPath = "";
			projectRoot = "";
			targets = (
				E164321326C44E9500535B47 /* TheCocktail */,
				E164322926C44F2400535B47 /* TheCocktailTests */,
			);
		};
/* End PBXProject section */

/* Begin PBXResourcesBuildPhase section */
		E164321226C44E9500535B47 /* Resources */ = {
			isa = PBXResourcesBuildPhase;
			buildActionMask = 2147483647;
			files = (
				E164321F26C44E9A00535B47 /* Preview Assets.xcassets in Resources */,
				E164321C26C44E9A00535B47 /* Assets.xcassets in Resources */,
			);
			runOnlyForDeploymentPostprocessing = 0;
		};
		E164322826C44F2400535B47 /* Resources */ = {
			isa = PBXResourcesBuildPhase;
			buildActionMask = 2147483647;
			files = (
				E1BF90CC26E0D75200F52F41 /* recipeItem.json in Resources */,
				E1BF90CA26E0D22400F52F41 /* fullResponse.json in Resources */,
			);
			runOnlyForDeploymentPostprocessing = 0;
		};
/* End PBXResourcesBuildPhase section */

/* Begin PBXSourcesBuildPhase section */
		E164321026C44E9500535B47 /* Sources */ = {
			isa = PBXSourcesBuildPhase;
			buildActionMask = 2147483647;
			files = (
				E1BF8F3B26D7C1A400F52F41 /* CoctailsListViewModel.swift in Sources */,
				E1BF8F3726D7BD4500F52F41 /* CocktailsListView.swift in Sources */,
				E1BF8F4326D7E4FC00F52F41 /* Recipe + Equatable.swift in Sources */,
				E141385626D683F600300CAA /* RecipeView.swift in Sources */,
				E1BF908626DE74EE00F52F41 /* Recipe + Decodable.swift in Sources */,
				E14137CB26D5023B00300CAA /* Recipe.swift in Sources */,
				E1BF8F4126D7CCCB00F52F41 /* RecipesFetchingPlaceholder.swift in Sources */,
				E1BF8F3F26D7C9BF00F52F41 /* RecipesFetching.swift in Sources */,
				E14137CD26D502A800300CAA /* CoctailsPreviewData.swift in Sources */,
				E1BF90D026E0DED400F52F41 /* RecipesFetcher.swift in Sources */,
				E1BF908E26DE79D300F52F41 /* RecipeResponse.swift in Sources */,
				E1BF8F3D26D7C1D400F52F41 /* Recipe+Identifable.swift in Sources */,
				E14137D126D510DE00300CAA /* RecipeViewModel.swift in Sources */,
				E164321826C44E9500535B47 /* TheCocktailApp.swift in Sources */,
			);
			runOnlyForDeploymentPostprocessing = 0;
		};
		E164322626C44F2400535B47 /* Sources */ = {
			isa = PBXSourcesBuildPhase;
			buildActionMask = 2147483647;
			files = (
				E14137D326D515E100300CAA /* RecipeViewModelTests.swift in Sources */,
				E1BF909026DE7A0C00F52F41 /* RecipeResponseTests.swift in Sources */,
				E1BF8FAF26D92BB900F52F41 /* TestError.swift in Sources */,
				E1BF90CE26E0DCF500F52F41 /* RecipesFetcherTests.swift in Sources */,
				E1BF8FAD26D9200200F52F41 /* RecipeFetchingStub.swift in Sources */,
				E1BF8F3926D7BE8800F52F41 /* CocktailsListViewModelTests.swift in Sources */,
				E1BF908426DE69EE00F52F41 /* RecipeItemTests.swift in Sources */,
				E14137CF26D50B8500300CAA /* Recipe + Fixture.swift in Sources */,
			);
			runOnlyForDeploymentPostprocessing = 0;
		};
/* End PBXSourcesBuildPhase section */

/* Begin PBXTargetDependency section */
		E164323026C44F2500535B47 /* PBXTargetDependency */ = {
			isa = PBXTargetDependency;
			target = E164321326C44E9500535B47 /* TheCocktail */;
			targetProxy = E164322F26C44F2500535B47 /* PBXContainerItemProxy */;
		};
/* End PBXTargetDependency section */

/* Begin XCBuildConfiguration section */
		E164322126C44E9A00535B47 /* Debug */ = {
			isa = XCBuildConfiguration;
			buildSettings = {
				ALWAYS_SEARCH_USER_PATHS = NO;
				CLANG_ANALYZER_NONNULL = YES;
				CLANG_ANALYZER_NUMBER_OBJECT_CONVERSION = YES_AGGRESSIVE;
				CLANG_CXX_LANGUAGE_STANDARD = "gnu++14";
				CLANG_CXX_LIBRARY = "libc++";
				CLANG_ENABLE_MODULES = YES;
				CLANG_ENABLE_OBJC_ARC = YES;
				CLANG_ENABLE_OBJC_WEAK = YES;
				CLANG_WARN_BLOCK_CAPTURE_AUTORELEASING = YES;
				CLANG_WARN_BOOL_CONVERSION = YES;
				CLANG_WARN_COMMA = YES;
				CLANG_WARN_CONSTANT_CONVERSION = YES;
				CLANG_WARN_DEPRECATED_OBJC_IMPLEMENTATIONS = YES;
				CLANG_WARN_DIRECT_OBJC_ISA_USAGE = YES_ERROR;
				CLANG_WARN_DOCUMENTATION_COMMENTS = YES;
				CLANG_WARN_EMPTY_BODY = YES;
				CLANG_WARN_ENUM_CONVERSION = YES;
				CLANG_WARN_INFINITE_RECURSION = YES;
				CLANG_WARN_INT_CONVERSION = YES;
				CLANG_WARN_NON_LITERAL_NULL_CONVERSION = YES;
				CLANG_WARN_OBJC_IMPLICIT_RETAIN_SELF = YES;
				CLANG_WARN_OBJC_LITERAL_CONVERSION = YES;
				CLANG_WARN_OBJC_ROOT_CLASS = YES_ERROR;
				CLANG_WARN_QUOTED_INCLUDE_IN_FRAMEWORK_HEADER = YES;
				CLANG_WARN_RANGE_LOOP_ANALYSIS = YES;
				CLANG_WARN_STRICT_PROTOTYPES = YES;
				CLANG_WARN_SUSPICIOUS_MOVE = YES;
				CLANG_WARN_UNGUARDED_AVAILABILITY = YES_AGGRESSIVE;
				CLANG_WARN_UNREACHABLE_CODE = YES;
				CLANG_WARN__DUPLICATE_METHOD_MATCH = YES;
				COPY_PHASE_STRIP = NO;
				DEBUG_INFORMATION_FORMAT = dwarf;
				ENABLE_STRICT_OBJC_MSGSEND = YES;
				ENABLE_TESTABILITY = YES;
				GCC_C_LANGUAGE_STANDARD = gnu11;
				GCC_DYNAMIC_NO_PIC = NO;
				GCC_NO_COMMON_BLOCKS = YES;
				GCC_OPTIMIZATION_LEVEL = 0;
				GCC_PREPROCESSOR_DEFINITIONS = (
					"DEBUG=1",
					"$(inherited)",
				);
				GCC_WARN_64_TO_32_BIT_CONVERSION = YES;
				GCC_WARN_ABOUT_RETURN_TYPE = YES_ERROR;
				GCC_WARN_UNDECLARED_SELECTOR = YES;
				GCC_WARN_UNINITIALIZED_AUTOS = YES_AGGRESSIVE;
				GCC_WARN_UNUSED_FUNCTION = YES;
				GCC_WARN_UNUSED_VARIABLE = YES;
				IPHONEOS_DEPLOYMENT_TARGET = 14.5;
				MTL_ENABLE_DEBUG_INFO = INCLUDE_SOURCE;
				MTL_FAST_MATH = YES;
				ONLY_ACTIVE_ARCH = YES;
				SDKROOT = iphoneos;
				SWIFT_ACTIVE_COMPILATION_CONDITIONS = DEBUG;
				SWIFT_OPTIMIZATION_LEVEL = "-Onone";
			};
			name = Debug;
		};
		E164322226C44E9A00535B47 /* Release */ = {
			isa = XCBuildConfiguration;
			buildSettings = {
				ALWAYS_SEARCH_USER_PATHS = NO;
				CLANG_ANALYZER_NONNULL = YES;
				CLANG_ANALYZER_NUMBER_OBJECT_CONVERSION = YES_AGGRESSIVE;
				CLANG_CXX_LANGUAGE_STANDARD = "gnu++14";
				CLANG_CXX_LIBRARY = "libc++";
				CLANG_ENABLE_MODULES = YES;
				CLANG_ENABLE_OBJC_ARC = YES;
				CLANG_ENABLE_OBJC_WEAK = YES;
				CLANG_WARN_BLOCK_CAPTURE_AUTORELEASING = YES;
				CLANG_WARN_BOOL_CONVERSION = YES;
				CLANG_WARN_COMMA = YES;
				CLANG_WARN_CONSTANT_CONVERSION = YES;
				CLANG_WARN_DEPRECATED_OBJC_IMPLEMENTATIONS = YES;
				CLANG_WARN_DIRECT_OBJC_ISA_USAGE = YES_ERROR;
				CLANG_WARN_DOCUMENTATION_COMMENTS = YES;
				CLANG_WARN_EMPTY_BODY = YES;
				CLANG_WARN_ENUM_CONVERSION = YES;
				CLANG_WARN_INFINITE_RECURSION = YES;
				CLANG_WARN_INT_CONVERSION = YES;
				CLANG_WARN_NON_LITERAL_NULL_CONVERSION = YES;
				CLANG_WARN_OBJC_IMPLICIT_RETAIN_SELF = YES;
				CLANG_WARN_OBJC_LITERAL_CONVERSION = YES;
				CLANG_WARN_OBJC_ROOT_CLASS = YES_ERROR;
				CLANG_WARN_QUOTED_INCLUDE_IN_FRAMEWORK_HEADER = YES;
				CLANG_WARN_RANGE_LOOP_ANALYSIS = YES;
				CLANG_WARN_STRICT_PROTOTYPES = YES;
				CLANG_WARN_SUSPICIOUS_MOVE = YES;
				CLANG_WARN_UNGUARDED_AVAILABILITY = YES_AGGRESSIVE;
				CLANG_WARN_UNREACHABLE_CODE = YES;
				CLANG_WARN__DUPLICATE_METHOD_MATCH = YES;
				COPY_PHASE_STRIP = NO;
				DEBUG_INFORMATION_FORMAT = "dwarf-with-dsym";
				ENABLE_NS_ASSERTIONS = NO;
				ENABLE_STRICT_OBJC_MSGSEND = YES;
				GCC_C_LANGUAGE_STANDARD = gnu11;
				GCC_NO_COMMON_BLOCKS = YES;
				GCC_WARN_64_TO_32_BIT_CONVERSION = YES;
				GCC_WARN_ABOUT_RETURN_TYPE = YES_ERROR;
				GCC_WARN_UNDECLARED_SELECTOR = YES;
				GCC_WARN_UNINITIALIZED_AUTOS = YES_AGGRESSIVE;
				GCC_WARN_UNUSED_FUNCTION = YES;
				GCC_WARN_UNUSED_VARIABLE = YES;
				IPHONEOS_DEPLOYMENT_TARGET = 14.5;
				MTL_ENABLE_DEBUG_INFO = NO;
				MTL_FAST_MATH = YES;
				SDKROOT = iphoneos;
				SWIFT_COMPILATION_MODE = wholemodule;
				SWIFT_OPTIMIZATION_LEVEL = "-O";
				VALIDATE_PRODUCT = YES;
			};
			name = Release;
		};
		E164322426C44E9A00535B47 /* Debug */ = {
			isa = XCBuildConfiguration;
			buildSettings = {
				ASSETCATALOG_COMPILER_APPICON_NAME = AppIcon;
				ASSETCATALOG_COMPILER_GLOBAL_ACCENT_COLOR_NAME = AccentColor;
				CODE_SIGN_STYLE = Automatic;
				DEVELOPMENT_ASSET_PATHS = "\"TheCocktail/Preview Content\"";
				DEVELOPMENT_TEAM = T6T6SV744W;
				ENABLE_PREVIEWS = YES;
				INFOPLIST_FILE = TheCocktail/Info.plist;
				IPHONEOS_DEPLOYMENT_TARGET = 14.0;
				LD_RUNPATH_SEARCH_PATHS = (
					"$(inherited)",
					"@executable_path/Frameworks",
				);
				PRODUCT_BUNDLE_IDENTIFIER = jotkafomat.TheCocktail;
				PRODUCT_NAME = "$(TARGET_NAME)";
				SWIFT_VERSION = 5.0;
				TARGETED_DEVICE_FAMILY = "1,2";
			};
			name = Debug;
		};
		E164322526C44E9A00535B47 /* Release */ = {
			isa = XCBuildConfiguration;
			buildSettings = {
				ASSETCATALOG_COMPILER_APPICON_NAME = AppIcon;
				ASSETCATALOG_COMPILER_GLOBAL_ACCENT_COLOR_NAME = AccentColor;
				CODE_SIGN_STYLE = Automatic;
				DEVELOPMENT_ASSET_PATHS = "\"TheCocktail/Preview Content\"";
				DEVELOPMENT_TEAM = T6T6SV744W;
				ENABLE_PREVIEWS = YES;
				INFOPLIST_FILE = TheCocktail/Info.plist;
				IPHONEOS_DEPLOYMENT_TARGET = 14.0;
				LD_RUNPATH_SEARCH_PATHS = (
					"$(inherited)",
					"@executable_path/Frameworks",
				);
				PRODUCT_BUNDLE_IDENTIFIER = jotkafomat.TheCocktail;
				PRODUCT_NAME = "$(TARGET_NAME)";
				SWIFT_VERSION = 5.0;
				TARGETED_DEVICE_FAMILY = "1,2";
			};
			name = Release;
		};
		E164323226C44F2500535B47 /* Debug */ = {
			isa = XCBuildConfiguration;
			buildSettings = {
				BUNDLE_LOADER = "$(TEST_HOST)";
				CLANG_ENABLE_MODULES = YES;
				CODE_SIGN_STYLE = Automatic;
				DEVELOPMENT_TEAM = T6T6SV744W;
				INFOPLIST_FILE = TheCocktailTests/Info.plist;
				LD_RUNPATH_SEARCH_PATHS = (
					"$(inherited)",
					"@executable_path/Frameworks",
					"@loader_path/Frameworks",
				);
				PRODUCT_BUNDLE_IDENTIFIER = jotkafomat.TheCocktailTests;
				PRODUCT_NAME = "$(TARGET_NAME)";
				SWIFT_OPTIMIZATION_LEVEL = "-Onone";
				SWIFT_VERSION = 5.0;
				TARGETED_DEVICE_FAMILY = "1,2";
				TEST_HOST = "$(BUILT_PRODUCTS_DIR)/TheCocktail.app/TheCocktail";
			};
			name = Debug;
		};
		E164323326C44F2500535B47 /* Release */ = {
			isa = XCBuildConfiguration;
			buildSettings = {
				BUNDLE_LOADER = "$(TEST_HOST)";
				CLANG_ENABLE_MODULES = YES;
				CODE_SIGN_STYLE = Automatic;
				DEVELOPMENT_TEAM = T6T6SV744W;
				INFOPLIST_FILE = TheCocktailTests/Info.plist;
				LD_RUNPATH_SEARCH_PATHS = (
					"$(inherited)",
					"@executable_path/Frameworks",
					"@loader_path/Frameworks",
				);
				PRODUCT_BUNDLE_IDENTIFIER = jotkafomat.TheCocktailTests;
				PRODUCT_NAME = "$(TARGET_NAME)";
				SWIFT_VERSION = 5.0;
				TARGETED_DEVICE_FAMILY = "1,2";
				TEST_HOST = "$(BUILT_PRODUCTS_DIR)/TheCocktail.app/TheCocktail";
			};
			name = Release;
		};
/* End XCBuildConfiguration section */

/* Begin XCConfigurationList section */
		E164320F26C44E9500535B47 /* Build configuration list for PBXProject "TheCocktail" */ = {
			isa = XCConfigurationList;
			buildConfigurations = (
				E164322126C44E9A00535B47 /* Debug */,
				E164322226C44E9A00535B47 /* Release */,
			);
			defaultConfigurationIsVisible = 0;
			defaultConfigurationName = Release;
		};
		E164322326C44E9A00535B47 /* Build configuration list for PBXNativeTarget "TheCocktail" */ = {
			isa = XCConfigurationList;
			buildConfigurations = (
				E164322426C44E9A00535B47 /* Debug */,
				E164322526C44E9A00535B47 /* Release */,
			);
			defaultConfigurationIsVisible = 0;
			defaultConfigurationName = Release;
		};
		E164323126C44F2500535B47 /* Build configuration list for PBXNativeTarget "TheCocktailTests" */ = {
			isa = XCConfigurationList;
			buildConfigurations = (
				E164323226C44F2500535B47 /* Debug */,
				E164323326C44F2500535B47 /* Release */,
			);
			defaultConfigurationIsVisible = 0;
			defaultConfigurationName = Release;
		};
/* End XCConfigurationList section */
	};
	rootObject = E164320C26C44E9500535B47 /* Project object */;
}
